
Microsoft Visual Studio Solution File, Format Version 12.00
# Visual Studio Version 17
VisualStudioVersion = 17.4.33205.214
MinimumVisualStudioVersion = 10.0.40219.1
Project("{9A19103F-16F7-4668-BE54-9A1E7A4F7556}") = "MOAS", "MOAS\MOAS.csproj", "{99F4CB13-5939-44C2-B609-620F907CF550}"
EndProject
Global
	GlobalSection(SolutionConfigurationPlatforms) = preSolution
		Debug|Any CPU = Debug|Any CPU
		Release|Any CPU = Release|Any CPU
	EndGlobalSection
	GlobalSection(ProjectConfigurationPlatforms) = postSolution
		{99F4CB13-5939-44C2-B609-620F907CF550}.Debug|Any CPU.ActiveCfg = Debug|Any CPU
		{99F4CB13-5939-44C2-B609-620F907CF550}.Debug|Any CPU.Build.0 = Debug|Any CPU
		{99F4CB13-5939-44C2-B609-620F907CF550}.Release|Any CPU.ActiveCfg = Release|Any CPU
		{99F4CB13-5939-44C2-B609-620F907CF550}.Release|Any CPU.Build.0 = Release|Any CPU
	EndGlobalSection
	GlobalSection(SolutionProperties) = preSolution
		HideSolutionNode = FALSE
	EndGlobalSection
	GlobalSection(ExtensibilityGlobals) = postSolution
		SolutionGuid = {F0B8A4E6-716C-4DAE-9206-6C19DD6ED803}
	EndGlobalSection
EndGlobal
